// !$*UTF8*$!
{
	archiveVersion = 1;
	classes = {
	};
	objectVersion = 50;
	objects = {

/* Begin PBXBuildFile section */
		17242F4B223F771D00BAEEA9 /* AppDelegate.swift in Sources */ = {isa = PBXBuildFile; fileRef = 17242F4A223F771D00BAEEA9 /* AppDelegate.swift */; };
		17242F4D223F771D00BAEEA9 /* ViewController.swift in Sources */ = {isa = PBXBuildFile; fileRef = 17242F4C223F771D00BAEEA9 /* ViewController.swift */; };
		17242F50223F771D00BAEEA9 /* Main.storyboard in Resources */ = {isa = PBXBuildFile; fileRef = 17242F4E223F771D00BAEEA9 /* Main.storyboard */; };
		17242F52223F772100BAEEA9 /* Assets.xcassets in Resources */ = {isa = PBXBuildFile; fileRef = 17242F51223F772100BAEEA9 /* Assets.xcassets */; };
		17242F55223F772100BAEEA9 /* LaunchScreen.storyboard in Resources */ = {isa = PBXBuildFile; fileRef = 17242F53223F772100BAEEA9 /* LaunchScreen.storyboard */; };
		17242F60223F772100BAEEA9 /* foodTrackerTests.swift in Sources */ = {isa = PBXBuildFile; fileRef = 17242F5F223F772100BAEEA9 /* foodTrackerTests.swift */; };
/* End PBXBuildFile section */

/* Begin PBXContainerItemProxy section */
		17242F5C223F772100BAEEA9 /* PBXContainerItemProxy */ = {
			isa = PBXContainerItemProxy;
			containerPortal = 17242F3F223F771D00BAEEA9 /* Project object */;
			proxyType = 1;
			remoteGlobalIDString = 17242F46223F771D00BAEEA9;
			remoteInfo = foodTracker;
		};
/* End PBXContainerItemProxy section */

/* Begin PBXFileReference section */
		17242F47223F771D00BAEEA9 /* foodTracker.app */ = {isa = PBXFileReference; explicitFileType = wrapper.application; includeInIndex = 0; path = foodTracker.app; sourceTree = BUILT_PRODUCTS_DIR; };
		17242F4A223F771D00BAEEA9 /* AppDelegate.swift */ = {isa = PBXFileReference; lastKnownFileType = sourcecode.swift; path = AppDelegate.swift; sourceTree = "<group>"; };
		17242F4C223F771D00BAEEA9 /* ViewController.swift */ = {isa = PBXFileReference; lastKnownFileType = sourcecode.swift; path = ViewController.swift; sourceTree = "<group>"; };
		17242F4F223F771D00BAEEA9 /* Base */ = {isa = PBXFileReference; lastKnownFileType = file.storyboard; name = Base; path = Base.lproj/Main.storyboard; sourceTree = "<group>"; };
		17242F51223F772100BAEEA9 /* Assets.xcassets */ = {isa = PBXFileReference; lastKnownFileType = folder.assetcatalog; path = Assets.xcassets; sourceTree = "<group>"; };
		17242F54223F772100BAEEA9 /* Base */ = {isa = PBXFileReference; lastKnownFileType = file.storyboard; name = Base; path = Base.lproj/LaunchScreen.storyboard; sourceTree = "<group>"; };
		17242F56223F772100BAEEA9 /* Info.plist */ = {isa = PBXFileReference; lastKnownFileType = text.plist.xml; path = Info.plist; sourceTree = "<group>"; };
		17242F5B223F772100BAEEA9 /* foodTrackerTests.xctest */ = {isa = PBXFileReference; explicitFileType = wrapper.cfbundle; includeInIndex = 0; path = foodTrackerTests.xctest; sourceTree = BUILT_PRODUCTS_DIR; };
		17242F5F223F772100BAEEA9 /* foodTrackerTests.swift */ = {isa = PBXFileReference; lastKnownFileType = sourcecode.swift; path = foodTrackerTests.swift; sourceTree = "<group>"; };
		17242F61223F772100BAEEA9 /* Info.plist */ = {isa = PBXFileReference; lastKnownFileType = text.plist.xml; path = Info.plist; sourceTree = "<group>"; };
/* End PBXFileReference section */

/* Begin PBXFrameworksBuildPhase section */
		17242F44223F771D00BAEEA9 /* Frameworks */ = {
			isa = PBXFrameworksBuildPhase;
			buildActionMask = 2147483647;
			files = (
			);
			runOnlyForDeploymentPostprocessing = 0;
		};
		17242F58223F772100BAEEA9 /* Frameworks */ = {
			isa = PBXFrameworksBuildPhase;
			buildActionMask = 2147483647;
			files = (
			);
			runOnlyForDeploymentPostprocessing = 0;
		};
/* End PBXFrameworksBuildPhase section */

/* Begin PBXGroup section */
		17242F3E223F771D00BAEEA9 = {
			isa = PBXGroup;
			children = (
				17242F49223F771D00BAEEA9 /* foodTracker */,
				17242F5E223F772100BAEEA9 /* foodTrackerTests */,
				17242F48223F771D00BAEEA9 /* Products */,
			);
			sourceTree = "<group>";
		};
		17242F48223F771D00BAEEA9 /* Products */ = {
			isa = PBXGroup;
			children = (
				17242F47223F771D00BAEEA9 /* foodTracker.app */,
				17242F5B223F772100BAEEA9 /* foodTrackerTests.xctest */,
			);
			name = Products;
			sourceTree = "<group>";
		};
		17242F49223F771D00BAEEA9 /* foodTracker */ = {
			isa = PBXGroup;
			children = (
				17242F4A223F771D00BAEEA9 /* AppDelegate.swift */,
				17242F4C223F771D00BAEEA9 /* ViewController.swift */,
				17242F4E223F771D00BAEEA9 /* Main.storyboard */,
				17242F51223F772100BAEEA9 /* Assets.xcassets */,
				17242F53223F772100BAEEA9 /* LaunchScreen.storyboard */,
				17242F56223F772100BAEEA9 /* Info.plist */,
			);
			path = foodTracker;
			sourceTree = "<group>";
		};
		17242F5E223F772100BAEEA9 /* foodTrackerTests */ = {
			isa = PBXGroup;
			children = (
				17242F5F223F772100BAEEA9 /* foodTrackerTests.swift */,
				17242F61223F772100BAEEA9 /* Info.plist */,
			);
			path = foodTrackerTests;
			sourceTree = "<group>";
		};
/* End PBXGroup section */

/* Begin PBXNativeTarget section */
		17242F46223F771D00BAEEA9 /* foodTracker */ = {
			isa = PBXNativeTarget;
			buildConfigurationList = 17242F64223F772100BAEEA9 /* Build configuration list for PBXNativeTarget "foodTracker" */;
			buildPhases = (
				17242F43223F771D00BAEEA9 /* Sources */,
				17242F44223F771D00BAEEA9 /* Frameworks */,
				17242F45223F771D00BAEEA9 /* Resources */,
			);
			buildRules = (
			);
			dependencies = (
			);
			name = foodTracker;
			productName = foodTracker;
			productReference = 17242F47223F771D00BAEEA9 /* foodTracker.app */;
			productType = "com.apple.product-type.application";
		};
		17242F5A223F772100BAEEA9 /* foodTrackerTests */ = {
			isa = PBXNativeTarget;
			buildConfigurationList = 17242F67223F772100BAEEA9 /* Build configuration list for PBXNativeTarget "foodTrackerTests" */;
			buildPhases = (
				17242F57223F772100BAEEA9 /* Sources */,
				17242F58223F772100BAEEA9 /* Frameworks */,
				17242F59223F772100BAEEA9 /* Resources */,
			);
			buildRules = (
			);
			dependencies = (
				17242F5D223F772100BAEEA9 /* PBXTargetDependency */,
			);
			name = foodTrackerTests;
			productName = foodTrackerTests;
			productReference = 17242F5B223F772100BAEEA9 /* foodTrackerTests.xctest */;
			productType = "com.apple.product-type.bundle.unit-test";
		};
/* End PBXNativeTarget section */

/* Begin PBXProject section */
		17242F3F223F771D00BAEEA9 /* Project object */ = {
			isa = PBXProject;
			attributes = {
				LastSwiftUpdateCheck = 1010;
				LastUpgradeCheck = 1010;
				ORGANIZATIONNAME = lecture;
				TargetAttributes = {
					17242F46223F771D00BAEEA9 = {
						CreatedOnToolsVersion = 10.1;
					};
					17242F5A223F772100BAEEA9 = {
						CreatedOnToolsVersion = 10.1;
						TestTargetID = 17242F46223F771D00BAEEA9;
					};
				};
			};
			buildConfigurationList = 17242F42223F771D00BAEEA9 /* Build configuration list for PBXProject "foodTracker" */;
			compatibilityVersion = "Xcode 9.3";
			developmentRegion = en;
			hasScannedForEncodings = 0;
			knownRegions = (
				en,
				Base,
			);
			mainGroup = 17242F3E223F771D00BAEEA9;
			productRefGroup = 17242F48223F771D00BAEEA9 /* Products */;
			projectDirPath = "";
			projectRoot = "";
			targets = (
				17242F46223F771D00BAEEA9 /* foodTracker */,
				17242F5A223F772100BAEEA9 /* foodTrackerTests */,
			);
		};
/* End PBXProject section */

/* Begin PBXResourcesBuildPhase section */
		17242F45223F771D00BAEEA9 /* Resources */ = {
			isa = PBXResourcesBuildPhase;
			buildActionMask = 2147483647;
			files = (
				17242F55223F772100BAEEA9 /* LaunchScreen.storyboard in Resources */,
				17242F52223F772100BAEEA9 /* Assets.xcassets in Resources */,
				17242F50223F771D00BAEEA9 /* Main.storyboard in Resources */,
			);
			runOnlyForDeploymentPostprocessing = 0;
		};
		17242F59223F772100BAEEA9 /* Resources */ = {
			isa = PBXResourcesBuildPhase;
			buildActionMask = 2147483647;
			files = (
			);
			runOnlyForDeploymentPostprocessing = 0;
		};
/* End PBXResourcesBuildPhase section */

/* Begin PBXSourcesBuildPhase section */
		17242F43223F771D00BAEEA9 /* Sources */ = {
			isa = PBXSourcesBuildPhase;
			buildActionMask = 2147483647;
			files = (
				17242F4D223F771D00BAEEA9 /* ViewController.swift in Sources */,
				17242F4B223F771D00BAEEA9 /* AppDelegate.swift in Sources */,
			);
			runOnlyForDeploymentPostprocessing = 0;
		};
		17242F57223F772100BAEEA9 /* Sources */ = {
			isa = PBXSourcesBuildPhase;
			buildActionMask = 2147483647;
			files = (
				17242F60223F772100BAEEA9 /* foodTrackerTests.swift in Sources */,
			);
			runOnlyForDeploymentPostprocessing = 0;
		};
/* End PBXSourcesBuildPhase section */

/* Begin PBXTargetDependency section */
		17242F5D223F772100BAEEA9 /* PBXTargetDependency */ = {
			isa = PBXTargetDependency;
			target = 17242F46223F771D00BAEEA9 /* foodTracker */;
			targetProxy = 17242F5C223F772100BAEEA9 /* PBXContainerItemProxy */;
		};
/* End PBXTargetDependency section */

/* Begin PBXVariantGroup section */
		17242F4E223F771D00BAEEA9 /* Main.storyboard */ = {
			isa = PBXVariantGroup;
			children = (
				17242F4F223F771D00BAEEA9 /* Base */,
			);
			name = Main.storyboard;
			sourceTree = "<group>";
		};
		17242F53223F772100BAEEA9 /* LaunchScreen.storyboard */ = {
			isa = PBXVariantGroup;
			children = (
				17242F54223F772100BAEEA9 /* Base */,
			);
			name = LaunchScreen.storyboard;
			sourceTree = "<group>";
		};
/* End PBXVariantGroup section */

/* Begin XCBuildConfiguration section */
		17242F62223F772100BAEEA9 /* Debug */ = {
			isa = XCBuildConfiguration;
			buildSettings = {
				ALWAYS_SEARCH_USER_PATHS = NO;
				CLANG_ANALYZER_NONNULL = YES;
				CLANG_ANALYZER_NUMBER_OBJECT_CONVERSION = YES_AGGRESSIVE;
				CLANG_CXX_LANGUAGE_STANDARD = "gnu++14";
				CLANG_CXX_LIBRARY = "libc++";
				CLANG_ENABLE_MODULES = YES;
				CLANG_ENABLE_OBJC_ARC = YES;
				CLANG_ENABLE_OBJC_WEAK = YES;
				CLANG_WARN_BLOCK_CAPTURE_AUTORELEASING = YES;
				CLANG_WARN_BOOL_CONVERSION = YES;
				CLANG_WARN_COMMA = YES;
				CLANG_WARN_CONSTANT_CONVERSION = YES;
				CLANG_WARN_DEPRECATED_OBJC_IMPLEMENTATIONS = YES;
				CLANG_WARN_DIRECT_OBJC_ISA_USAGE = YES_ERROR;
				CLANG_WARN_DOCUMENTATION_COMMENTS = YES;
				CLANG_WARN_EMPTY_BODY = YES;
				CLANG_WARN_ENUM_CONVERSION = YES;
				CLANG_WARN_INFINITE_RECURSION = YES;
				CLANG_WARN_INT_CONVERSION = YES;
				CLANG_WARN_NON_LITERAL_NULL_CONVERSION = YES;
				CLANG_WARN_OBJC_IMPLICIT_RETAIN_SELF = YES;
				CLANG_WARN_OBJC_LITERAL_CONVERSION = YES;
				CLANG_WARN_OBJC_ROOT_CLASS = YES_ERROR;
				CLANG_WARN_RANGE_LOOP_ANALYSIS = YES;
				CLANG_WARN_STRICT_PROTOTYPES = YES;
				CLANG_WARN_SUSPICIOUS_MOVE = YES;
				CLANG_WARN_UNGUARDED_AVAILABILITY = YES_AGGRESSIVE;
				CLANG_WARN_UNREACHABLE_CODE = YES;
				CLANG_WARN__DUPLICATE_METHOD_MATCH = YES;
				CODE_SIGN_IDENTITY = "iPhone Developer";
				COPY_PHASE_STRIP = NO;
				DEBUG_INFORMATION_FORMAT = dwarf;
				ENABLE_STRICT_OBJC_MSGSEND = YES;
				ENABLE_TESTABILITY = YES;
				GCC_C_LANGUAGE_STANDARD = gnu11;
				GCC_DYNAMIC_NO_PIC = NO;
				GCC_NO_COMMON_BLOCKS = YES;
				GCC_OPTIMIZATION_LEVEL = 0;
				GCC_PREPROCESSOR_DEFINITIONS = (
					"DEBUG=1",
					"$(inherited)",
				);
				GCC_WARN_64_TO_32_BIT_CONVERSION = YES;
				GCC_WARN_ABOUT_RETURN_TYPE = YES_ERROR;
				GCC_WARN_UNDECLARED_SELECTOR = YES;
				GCC_WARN_UNINITIALIZED_AUTOS = YES_AGGRESSIVE;
				GCC_WARN_UNUSED_FUNCTION = YES;
				GCC_WARN_UNUSED_VARIABLE = YES;
				IPHONEOS_DEPLOYMENT_TARGET = 12.1;
				MTL_ENABLE_DEBUG_INFO = INCLUDE_SOURCE;
				MTL_FAST_MATH = YES;
				ONLY_ACTIVE_ARCH = YES;
				SDKROOT = iphoneos;
				SWIFT_ACTIVE_COMPILATION_CONDITIONS = DEBUG;
				SWIFT_OPTIMIZATION_LEVEL = "-Onone";
			};
			name = Debug;
		};
		17242F63223F772100BAEEA9 /* Release */ = {
			isa = XCBuildConfiguration;
			buildSettings = {
				ALWAYS_SEARCH_USER_PATHS = NO;
				CLANG_ANALYZER_NONNULL = YES;
				CLANG_ANALYZER_NUMBER_OBJECT_CONVERSION = YES_AGGRESSIVE;
				CLANG_CXX_LANGUAGE_STANDARD = "gnu++14";
				CLANG_CXX_LIBRARY = "libc++";
				CLANG_ENABLE_MODULES = YES;
				CLANG_ENABLE_OBJC_ARC = YES;
				CLANG_ENABLE_OBJC_WEAK = YES;
				CLANG_WARN_BLOCK_CAPTURE_AUTORELEASING = YES;
				CLANG_WARN_BOOL_CONVERSION = YES;
				CLANG_WARN_COMMA = YES;
				CLANG_WARN_CONSTANT_CONVERSION = YES;
				CLANG_WARN_DEPRECATED_OBJC_IMPLEMENTATIONS = YES;
				CLANG_WARN_DIRECT_OBJC_ISA_USAGE = YES_ERROR;
				CLANG_WARN_DOCUMENTATION_COMMENTS = YES;
				CLANG_WARN_EMPTY_BODY = YES;
				CLANG_WARN_ENUM_CONVERSION = YES;
				CLANG_WARN_INFINITE_RECURSION = YES;
				CLANG_WARN_INT_CONVERSION = YES;
				CLANG_WARN_NON_LITERAL_NULL_CONVERSION = YES;
				CLANG_WARN_OBJC_IMPLICIT_RETAIN_SELF = YES;
				CLANG_WARN_OBJC_LITERAL_CONVERSION = YES;
				CLANG_WARN_OBJC_ROOT_CLASS = YES_ERROR;
				CLANG_WARN_RANGE_LOOP_ANALYSIS = YES;
				CLANG_WARN_STRICT_PROTOTYPES = YES;
				CLANG_WARN_SUSPICIOUS_MOVE = YES;
				CLANG_WARN_UNGUARDED_AVAILABILITY = YES_AGGRESSIVE;
				CLANG_WARN_UNREACHABLE_CODE = YES;
				CLANG_WARN__DUPLICATE_METHOD_MATCH = YES;
				CODE_SIGN_IDENTITY = "iPhone Developer";
				COPY_PHASE_STRIP = NO;
				DEBUG_INFORMATION_FORMAT = "dwarf-with-dsym";
				ENABLE_NS_ASSERTIONS = NO;
				ENABLE_STRICT_OBJC_MSGSEND = YES;
				GCC_C_LANGUAGE_STANDARD = gnu11;
				GCC_NO_COMMON_BLOCKS = YES;
				GCC_WARN_64_TO_32_BIT_CONVERSION = YES;
				GCC_WARN_ABOUT_RETURN_TYPE = YES_ERROR;
				GCC_WARN_UNDECLARED_SELECTOR = YES;
				GCC_WARN_UNINITIALIZED_AUTOS = YES_AGGRESSIVE;
				GCC_WARN_UNUSED_FUNCTION = YES;
				GCC_WARN_UNUSED_VARIABLE = YES;
				IPHONEOS_DEPLOYMENT_TARGET = 12.1;
				MTL_ENABLE_DEBUG_INFO = NO;
				MTL_FAST_MATH = YES;
				SDKROOT = iphoneos;
				SWIFT_COMPILATION_MODE = wholemodule;
				SWIFT_OPTIMIZATION_LEVEL = "-O";
				VALIDATE_PRODUCT = YES;
			};
			name = Release;
		};
		17242F65223F772100BAEEA9 /* Debug */ = {
			isa = XCBuildConfiguration;
			buildSettings = {
				ASSETCATALOG_COMPILER_APPICON_NAME = AppIcon;
				CODE_SIGN_STYLE = Automatic;
				DEVELOPMENT_TEAM = X22RL995QJ;
				INFOPLIST_FILE = foodTracker/Info.plist;
				LD_RUNPATH_SEARCH_PATHS = (
					"$(inherited)",
					"@executable_path/Frameworks",
				);
				PRODUCT_BUNDLE_IDENTIFIER = "com.Haseena-gul.foodTracker";
				PRODUCT_NAME = "$(TARGET_NAME)";
				SWIFT_VERSION = 4.2;
				TARGETED_DEVICE_FAMILY = "1,2";
			};
			name = Debug;
		};
		17242F66223F772100BAEEA9 /* Release */ = {
			isa = XCBuildConfiguration;
			buildSettings = {
				ASSETCATALOG_COMPILER_APPICON_NAME = AppIcon;
				CODE_SIGN_STYLE = Automatic;
				DEVELOPMENT_TEAM = X22RL995QJ;
				INFOPLIST_FILE = foodTracker/Info.plist;
				LD_RUNPATH_SEARCH_PATHS = (
					"$(inherited)",
					"@executable_path/Frameworks",
				);
				PRODUCT_BUNDLE_IDENTIFIER = "com.Haseena-gul.foodTracker";
				PRODUCT_NAME = "$(TARGET_NAME)";
				SWIFT_VERSION = 4.2;
				TARGETED_DEVICE_FAMILY = "1,2";
			};
			name = Release;
		};
		17242F68223F772100BAEEA9 /* Debug */ = {
			isa = XCBuildConfiguration;
			buildSettings = {
				ALWAYS_EMBED_SWIFT_STANDARD_LIBRARIES = YES;
				BUNDLE_LOADER = "$(TEST_HOST)";
				CODE_SIGN_STYLE = Automatic;
				DEVELOPMENT_TEAM = X22RL995QJ;
				INFOPLIST_FILE = foodTrackerTests/Info.plist;
				LD_RUNPATH_SEARCH_PATHS = (
					"$(inherited)",
					"@executable_path/Frameworks",
					"@loader_path/Frameworks",
				);
				PRODUCT_BUNDLE_IDENTIFIER = "com.Haseena-gul.foodTrackerTests";
				PRODUCT_NAME = "$(TARGET_NAME)";
				SWIFT_VERSION = 4.2;
				TARGETED_DEVICE_FAMILY = "1,2";
				TEST_HOST = "$(BUILT_PRODUCTS_DIR)/foodTracker.app/foodTracker";
			};
			name = Debug;
		};
		17242F69223F772100BAEEA9 /* Release */ = {
			isa = XCBuildConfiguration;
			buildSettings = {
				ALWAYS_EMBED_SWIFT_STANDARD_LIBRARIES = YES;
				BUNDLE_LOADER = "$(TEST_HOST)";
				CODE_SIGN_STYLE = Automatic;
				DEVELOPMENT_TEAM = X22RL995QJ;
				INFOPLIST_FILE = foodTrackerTests/Info.plist;
				LD_RUNPATH_SEARCH_PATHS = (
					"$(inherited)",
					"@executable_path/Frameworks",
					"@loader_path/Frameworks",
				);
				PRODUCT_BUNDLE_IDENTIFIER = "com.Haseena-gul.foodTrackerTests";
				PRODUCT_NAME = "$(TARGET_NAME)";
				SWIFT_VERSION = 4.2;
				TARGETED_DEVICE_FAMILY = "1,2";
				TEST_HOST = "$(BUILT_PRODUCTS_DIR)/foodTracker.app/foodTracker";
			};
			name = Release;
		};
/* End XCBuildConfiguration section */

/* Begin XCConfigurationList section */
		17242F42223F771D00BAEEA9 /* Build configuration list for PBXProject "foodTracker" */ = {
			isa = XCConfigurationList;
			buildConfigurations = (
				17242F62223F772100BAEEA9 /* Debug */,
				17242F63223F772100BAEEA9 /* Release */,
			);
			defaultConfigurationIsVisible = 0;
			defaultConfigurationName = Release;
		};
		17242F64223F772100BAEEA9 /* Build configuration list for PBXNativeTarget "foodTracker" */ = {
			isa = XCConfigurationList;
			buildConfigurations = (
				17242F65223F772100BAEEA9 /* Debug */,
				17242F66223F772100BAEEA9 /* Release */,
			);
			defaultConfigurationIsVisible = 0;
			defaultConfigurationName = Release;
		};
		17242F67223F772100BAEEA9 /* Build configuration list for PBXNativeTarget "foodTrackerTests" */ = {
			isa = XCConfigurationList;
			buildConfigurations = (
				17242F68223F772100BAEEA9 /* Debug */,
				17242F69223F772100BAEEA9 /* Release */,
			);
			defaultConfigurationIsVisible = 0;
			defaultConfigurationName = Release;
		};
/* End XCConfigurationList section */
	};
	rootObject = 17242F3F223F771D00BAEEA9 /* Project object */;
}
